
Microsoft Visual Studio Solution File, Format Version 12.00
# Visual Studio 15
VisualStudioVersion = 15.0.28307.572
MinimumVisualStudioVersion = 10.0.40219.1
Project("{FAE04EC0-301F-11D3-BF4B-00C04F79EFBC}") = "JM_GluingSystem", "JM_GluingSystem\JM_GluingSystem.csproj", "{D85B5A98-8291-4E31-9458-7DBE1B50AB59}"
EndProject
Global
	GlobalSection(SolutionConfigurationPlatforms) = preSolution
		Debug|Any CPU = Debug|Any CPU
		Release|Any CPU = Release|Any CPU
	EndGlobalSection
	GlobalSection(ProjectConfigurationPlatforms) = postSolution
		{D85B5A98-8291-4E31-9458-7DBE1B50AB59}.Debug|Any CPU.ActiveCfg = Debug|Any CPU
		{D85B5A98-8291-4E31-9458-7DBE1B50AB59}.Debug|Any CPU.Build.0 = Debug|Any CPU
		{D85B5A98-8291-4E31-9458-7DBE1B50AB59}.Release|Any CPU.ActiveCfg = Release|Any CPU
		{D85B5A98-8291-4E31-9458-7DBE1B50AB59}.Release|Any CPU.Build.0 = Release|Any CPU
	EndGlobalSection
	GlobalSection(SolutionProperties) = preSolution
		HideSolutionNode = FALSE
	EndGlobalSection
	GlobalSection(ExtensibilityGlobals) = postSolution
		SolutionGuid = {7A37BCB9-7635-4A90-BC66-28255FEE200B}
	EndGlobalSection
EndGlobal
